
Microsoft Visual Studio Solution File, Format Version 12.00
Project("{FAE04EC0-301F-11D3-BF4B-00C04F79EFBC}") = "VSCleaner.ConsoleApp", "src\VSCleaner.ConsoleApp\VSCleaner.ConsoleApp.csproj", "{B4BAA0C7-BCFA-4DE5-973A-4785DF1BA978}"
EndProject
Project("{FAE04EC0-301F-11D3-BF4B-00C04F79EFBC}") = "VSCleaner.Core", "src\VSCleaner.Core\VSCleaner.Core.csproj", "{213CC85B-6DF0-4248-A541-62130AFBD114}"
EndProject
Project("{2150E333-8FDC-42A3-9474-1A3956D46DE8}") = "Tests", "Tests", "{5D3055D4-B624-4DBD-90F2-A70711BD0FA5}"
EndProject
Project("{FAE04EC0-301F-11D3-BF4B-00C04F79EFBC}") = "VSCleaner.CoreTests", "src\VSCleaner.CoreTests\VSCleaner.CoreTests.csproj", "{AEC8505E-4DC7-484D-8C18-A48F28620027}"
EndProject
Global
	GlobalSection(SolutionConfigurationPlatforms) = preSolution
		Debug|Any CPU = Debug|Any CPU
		Release|Any CPU = Release|Any CPU
	EndGlobalSection
	GlobalSection(ProjectConfigurationPlatforms) = postSolution
		{B4BAA0C7-BCFA-4DE5-973A-4785DF1BA978}.Debug|Any CPU.ActiveCfg = Debug|Any CPU
		{B4BAA0C7-BCFA-4DE5-973A-4785DF1BA978}.Debug|Any CPU.Build.0 = Debug|Any CPU
		{B4BAA0C7-BCFA-4DE5-973A-4785DF1BA978}.Release|Any CPU.ActiveCfg = Release|Any CPU
		{B4BAA0C7-BCFA-4DE5-973A-4785DF1BA978}.Release|Any CPU.Build.0 = Release|Any CPU
		{213CC85B-6DF0-4248-A541-62130AFBD114}.Debug|Any CPU.ActiveCfg = Debug|Any CPU
		{213CC85B-6DF0-4248-A541-62130AFBD114}.Debug|Any CPU.Build.0 = Debug|Any CPU
		{213CC85B-6DF0-4248-A541-62130AFBD114}.Release|Any CPU.ActiveCfg = Release|Any CPU
		{213CC85B-6DF0-4248-A541-62130AFBD114}.Release|Any CPU.Build.0 = Release|Any CPU
		{AEC8505E-4DC7-484D-8C18-A48F28620027}.Debug|Any CPU.ActiveCfg = Debug|Any CPU
		{AEC8505E-4DC7-484D-8C18-A48F28620027}.Debug|Any CPU.Build.0 = Debug|Any CPU
		{AEC8505E-4DC7-484D-8C18-A48F28620027}.Release|Any CPU.ActiveCfg = Release|Any CPU
		{AEC8505E-4DC7-484D-8C18-A48F28620027}.Release|Any CPU.Build.0 = Release|Any CPU
	EndGlobalSection
	GlobalSection(NestedProjects) = preSolution
		{AEC8505E-4DC7-484D-8C18-A48F28620027} = {5D3055D4-B624-4DBD-90F2-A70711BD0FA5}
	EndGlobalSection
EndGlobal
